
Microsoft Visual Studio Solution File, Format Version 12.00
# Visual Studio Version 17
VisualStudioVersion = 17.10.35013.160
MinimumVisualStudioVersion = 10.0.40219.1
Project("{9A19103F-16F7-4668-BE54-9A1E7A4F7556}") = "OnlineShop", "OnlineShop\OnlineShop.csproj", "{16C8EE8A-501A-48F9-87DE-A76B6C98F7E2}"
EndProject
Project("{FAE04EC0-301F-11D3-BF4B-00C04F79EFBC}") = "OnlineShopTests", "OnlineShopTests\OnlineShopTests.csproj", "{F6122E5C-C48F-44CA-B175-20EE3C2862B6}"
EndProject
Global
	GlobalSection(SolutionConfigurationPlatforms) = preSolution
		Debug|Any CPU = Debug|Any CPU
		Release|Any CPU = Release|Any CPU
	EndGlobalSection
	GlobalSection(ProjectConfigurationPlatforms) = postSolution
		{16C8EE8A-501A-48F9-87DE-A76B6C98F7E2}.Debug|Any CPU.ActiveCfg = Debug|Any CPU
		{16C8EE8A-501A-48F9-87DE-A76B6C98F7E2}.Debug|Any CPU.Build.0 = Debug|Any CPU
		{16C8EE8A-501A-48F9-87DE-A76B6C98F7E2}.Release|Any CPU.ActiveCfg = Release|Any CPU
		{16C8EE8A-501A-48F9-87DE-A76B6C98F7E2}.Release|Any CPU.Build.0 = Release|Any CPU
		{F6122E5C-C48F-44CA-B175-20EE3C2862B6}.Debug|Any CPU.ActiveCfg = Debug|Any CPU
		{F6122E5C-C48F-44CA-B175-20EE3C2862B6}.Debug|Any CPU.Build.0 = Debug|Any CPU
		{F6122E5C-C48F-44CA-B175-20EE3C2862B6}.Release|Any CPU.ActiveCfg = Release|Any CPU
		{F6122E5C-C48F-44CA-B175-20EE3C2862B6}.Release|Any CPU.Build.0 = Release|Any CPU
	EndGlobalSection
	GlobalSection(SolutionProperties) = preSolution
		HideSolutionNode = FALSE
	EndGlobalSection
	GlobalSection(ExtensibilityGlobals) = postSolution
		SolutionGuid = {45762527-210A-4488-801E-96F481615589}
	EndGlobalSection
EndGlobal
